{
  "name": "ajs_test",
  "version": "1.0.0",
  "lockfileVersion": 3,
  "requires": true,
  "packages": {
    "": {
      "name": "ajs_test",
      "version": "1.0.0",
      "license": "ISC",
      "dependencies": {
        "@vadimgrigoriev/ajs": "^1.0.0"
      }
    },
    "node_modules/@vadimgrigoriev/ajs": {
      "version": "1.0.0",
      "resolved": "https://npm.pkg.github.com/download/@vadimgrigoriev/ajs/1.0.0/366c42b8734ca184ef03117a9777d227e1e00c66",
      "integrity": "sha512-uxJlxgzIuUXX3ukbihDgpb8ku01W8SNI+pm13cRff+awXQV30wZtcVcbuSYrby4cCHay81+3tQeRUMMd81ZRJg==",
      "license": "ISC"
    }
  }
}
